
Microsoft Visual Studio Solution File, Format Version 12.00
# Visual Studio Version 16
VisualStudioVersion = 16.0.29728.190
MinimumVisualStudioVersion = 10.0.40219.1
Project("{FAE04EC0-301F-11D3-BF4B-00C04F79EFBC}") = "MeowCatAPI", "MeowCatAPI\MeowCatAPI.csproj", "{0E97423D-FF10-4EBE-898B-9F6DC2B663E3}"
EndProject
Project("{FAE04EC0-301F-11D3-BF4B-00C04F79EFBC}") = "MeowCatDC", "MeowCatDC\MeowCatDC.csproj", "{1C9FB975-1E60-469C-B5F0-307E617962C9}"
EndProject
Global
	GlobalSection(SolutionConfigurationPlatforms) = preSolution
		Debug|Any CPU = Debug|Any CPU
		Release|Any CPU = Release|Any CPU
	EndGlobalSection
	GlobalSection(ProjectConfigurationPlatforms) = postSolution
		{0E97423D-FF10-4EBE-898B-9F6DC2B663E3}.Debug|Any CPU.ActiveCfg = Debug|Any CPU
		{0E97423D-FF10-4EBE-898B-9F6DC2B663E3}.Debug|Any CPU.Build.0 = Debug|Any CPU
		{0E97423D-FF10-4EBE-898B-9F6DC2B663E3}.Release|Any CPU.ActiveCfg = Release|Any CPU
		{0E97423D-FF10-4EBE-898B-9F6DC2B663E3}.Release|Any CPU.Build.0 = Release|Any CPU
		{1C9FB975-1E60-469C-B5F0-307E617962C9}.Debug|Any CPU.ActiveCfg = Debug|Any CPU
		{1C9FB975-1E60-469C-B5F0-307E617962C9}.Debug|Any CPU.Build.0 = Debug|Any CPU
		{1C9FB975-1E60-469C-B5F0-307E617962C9}.Release|Any CPU.ActiveCfg = Release|Any CPU
		{1C9FB975-1E60-469C-B5F0-307E617962C9}.Release|Any CPU.Build.0 = Release|Any CPU
	EndGlobalSection
	GlobalSection(SolutionProperties) = preSolution
		HideSolutionNode = FALSE
	EndGlobalSection
	GlobalSection(ExtensibilityGlobals) = postSolution
		SolutionGuid = {B42FA7A7-D79A-4ABE-A73F-04F409932677}
	EndGlobalSection
EndGlobal
